{
  "name": "drhuy-loto-page",
  "version": "1.0.0",
  "lockfileVersion": 2,
  "requires": true,
  "packages": {
    "": {
      "name": "drhuy-loto-page",
      "version": "1.0.0",
      "license": "ISC",
      "dependencies": {
        "drhuy-event-handler": "^1.0.0"
      }
    },
    "node_modules/drhuy-event-handler": {
      "version": "1.0.0",
      "resolved": "https://registry.npmjs.org/drhuy-event-handler/-/drhuy-event-handler-1.0.0.tgz",
      "integrity": "sha512-Xq+JNTKvWRL5t95fbgHcVbGxyKmXKlw8x8Pe2koAJO1qxkYiCxQDFvGwcnNbnWQ++o1FL17p1YtUrxE8FseoPw=="
    }
  },
  "dependencies": {
    "drhuy-event-handler": {
      "version": "1.0.0",
      "resolved": "https://registry.npmjs.org/drhuy-event-handler/-/drhuy-event-handler-1.0.0.tgz",
      "integrity": "sha512-Xq+JNTKvWRL5t95fbgHcVbGxyKmXKlw8x8Pe2koAJO1qxkYiCxQDFvGwcnNbnWQ++o1FL17p1YtUrxE8FseoPw=="
    }
  }
}
